
Microsoft Visual Studio Solution File, Format Version 12.00
# Visual Studio Version 17
VisualStudioVersion = 17.9.34902.65
MinimumVisualStudioVersion = 10.0.40219.1
Project("{9A19103F-16F7-4668-BE54-9A1E7A4F7556}") = "QuickOrderProduto.Application", "QuickOrderProduto.Application\QuickOrderProduto.Application.csproj", "{92A06B6C-A0F1-4AE8-A147-3BEAADD96E78}"
EndProject
Project("{9A19103F-16F7-4668-BE54-9A1E7A4F7556}") = "QuickOrderProduto.Infra.MQ", "QuickOrderProduto.Infra.MQ\QuickOrderProduto.Infra.MQ.csproj", "{EB3B9DEE-FC77-434F-81D0-B77AEC756FA3}"
EndProject
Project("{9A19103F-16F7-4668-BE54-9A1E7A4F7556}") = "QuickOrderProduto.Tests", "QuickOrderProduto.Tests\QuickOrderProduto.Tests.csproj", "{989DDFED-082A-46A7-90DD-BE1F6D612FB4}"
EndProject
Project("{9A19103F-16F7-4668-BE54-9A1E7A4F7556}") = "QuickOrderProduto.Api", "QuickOrderProduto.Api\QuickOrderProduto.Api.csproj", "{79B416C2-EE24-4B9D-B6F6-08EE922DE84C}"
EndProject
Project("{E53339B2-1760-4266-BCC7-CA923CBCF16C}") = "docker-compose", "docker-compose.dcproj", "{DD8C9B2E-3256-42B9-A2C8-0E54DEC62E60}"
EndProject
Project("{9A19103F-16F7-4668-BE54-9A1E7A4F7556}") = "QuickOrderProduto.Domain", "QuickOrderProduto.Domain\QuickOrderProduto.Domain.csproj", "{E17A7B8C-42DD-4AA3-B007-A7371EF9B59F}"
EndProject
Project("{9A19103F-16F7-4668-BE54-9A1E7A4F7556}") = "QuickOrderProduto.IoC", "QuickOrderProduto.IoC\QuickOrderProduto.IoC.csproj", "{8F05B2E6-11B8-474E-A470-75A4974F9C45}"
EndProject
Project("{9A19103F-16F7-4668-BE54-9A1E7A4F7556}") = "QuickOrderProduto.PostgresDB", "QuickOrderProduto.PostgresDB\QuickOrderProduto.PostgresDB.csproj", "{714813F3-6955-49FD-BE09-90F1F3C90DE6}"
EndProject
Global
	GlobalSection(SolutionConfigurationPlatforms) = preSolution
		Debug|Any CPU = Debug|Any CPU
		Release|Any CPU = Release|Any CPU
	EndGlobalSection
	GlobalSection(ProjectConfigurationPlatforms) = postSolution
		{92A06B6C-A0F1-4AE8-A147-3BEAADD96E78}.Debug|Any CPU.ActiveCfg = Debug|Any CPU
		{92A06B6C-A0F1-4AE8-A147-3BEAADD96E78}.Debug|Any CPU.Build.0 = Debug|Any CPU
		{92A06B6C-A0F1-4AE8-A147-3BEAADD96E78}.Release|Any CPU.ActiveCfg = Release|Any CPU
		{92A06B6C-A0F1-4AE8-A147-3BEAADD96E78}.Release|Any CPU.Build.0 = Release|Any CPU
		{EB3B9DEE-FC77-434F-81D0-B77AEC756FA3}.Debug|Any CPU.ActiveCfg = Debug|Any CPU
		{EB3B9DEE-FC77-434F-81D0-B77AEC756FA3}.Debug|Any CPU.Build.0 = Debug|Any CPU
		{EB3B9DEE-FC77-434F-81D0-B77AEC756FA3}.Release|Any CPU.ActiveCfg = Release|Any CPU
		{EB3B9DEE-FC77-434F-81D0-B77AEC756FA3}.Release|Any CPU.Build.0 = Release|Any CPU
		{989DDFED-082A-46A7-90DD-BE1F6D612FB4}.Debug|Any CPU.ActiveCfg = Debug|Any CPU
		{989DDFED-082A-46A7-90DD-BE1F6D612FB4}.Debug|Any CPU.Build.0 = Debug|Any CPU
		{989DDFED-082A-46A7-90DD-BE1F6D612FB4}.Release|Any CPU.ActiveCfg = Release|Any CPU
		{989DDFED-082A-46A7-90DD-BE1F6D612FB4}.Release|Any CPU.Build.0 = Release|Any CPU
		{79B416C2-EE24-4B9D-B6F6-08EE922DE84C}.Debug|Any CPU.ActiveCfg = Debug|Any CPU
		{79B416C2-EE24-4B9D-B6F6-08EE922DE84C}.Debug|Any CPU.Build.0 = Debug|Any CPU
		{79B416C2-EE24-4B9D-B6F6-08EE922DE84C}.Release|Any CPU.ActiveCfg = Release|Any CPU
		{79B416C2-EE24-4B9D-B6F6-08EE922DE84C}.Release|Any CPU.Build.0 = Release|Any CPU
		{DD8C9B2E-3256-42B9-A2C8-0E54DEC62E60}.Debug|Any CPU.ActiveCfg = Debug|Any CPU
		{DD8C9B2E-3256-42B9-A2C8-0E54DEC62E60}.Debug|Any CPU.Build.0 = Debug|Any CPU
		{DD8C9B2E-3256-42B9-A2C8-0E54DEC62E60}.Release|Any CPU.ActiveCfg = Release|Any CPU
		{DD8C9B2E-3256-42B9-A2C8-0E54DEC62E60}.Release|Any CPU.Build.0 = Release|Any CPU
		{E17A7B8C-42DD-4AA3-B007-A7371EF9B59F}.Debug|Any CPU.ActiveCfg = Debug|Any CPU
		{E17A7B8C-42DD-4AA3-B007-A7371EF9B59F}.Debug|Any CPU.Build.0 = Debug|Any CPU
		{E17A7B8C-42DD-4AA3-B007-A7371EF9B59F}.Release|Any CPU.ActiveCfg = Release|Any CPU
		{E17A7B8C-42DD-4AA3-B007-A7371EF9B59F}.Release|Any CPU.Build.0 = Release|Any CPU
		{8F05B2E6-11B8-474E-A470-75A4974F9C45}.Debug|Any CPU.ActiveCfg = Debug|Any CPU
		{8F05B2E6-11B8-474E-A470-75A4974F9C45}.Debug|Any CPU.Build.0 = Debug|Any CPU
		{8F05B2E6-11B8-474E-A470-75A4974F9C45}.Release|Any CPU.ActiveCfg = Release|Any CPU
		{8F05B2E6-11B8-474E-A470-75A4974F9C45}.Release|Any CPU.Build.0 = Release|Any CPU
		{714813F3-6955-49FD-BE09-90F1F3C90DE6}.Debug|Any CPU.ActiveCfg = Debug|Any CPU
		{714813F3-6955-49FD-BE09-90F1F3C90DE6}.Debug|Any CPU.Build.0 = Debug|Any CPU
		{714813F3-6955-49FD-BE09-90F1F3C90DE6}.Release|Any CPU.ActiveCfg = Release|Any CPU
		{714813F3-6955-49FD-BE09-90F1F3C90DE6}.Release|Any CPU.Build.0 = Release|Any CPU
	EndGlobalSection
	GlobalSection(SolutionProperties) = preSolution
		HideSolutionNode = FALSE
	EndGlobalSection
	GlobalSection(ExtensibilityGlobals) = postSolution
		SolutionGuid = {0D3E2C0F-1A36-49AF-AD3F-5DB0007AF0F9}
	EndGlobalSection
EndGlobal
